// !$*UTF8*$!
{
	archiveVersion = 1;
	classes = {
	};
	objectVersion = 50;
	objects = {

/* Begin PBXBuildFile section */
		CE2F55E124E9D69300106D49 /* AppDelegate.swift in Sources */ = {isa = PBXBuildFile; fileRef = CE2F55E024E9D69300106D49 /* AppDelegate.swift */; };
		CE2F55E324E9D69300106D49 /* SceneDelegate.swift in Sources */ = {isa = PBXBuildFile; fileRef = CE2F55E224E9D69300106D49 /* SceneDelegate.swift */; };
		CE2F55E524E9D69300106D49 /* HomeView.swift in Sources */ = {isa = PBXBuildFile; fileRef = CE2F55E424E9D69300106D49 /* HomeView.swift */; };
		CE2F55E724E9D69500106D49 /* Assets.xcassets in Resources */ = {isa = PBXBuildFile; fileRef = CE2F55E624E9D69500106D49 /* Assets.xcassets */; };
		CE2F55EA24E9D69500106D49 /* Preview Assets.xcassets in Resources */ = {isa = PBXBuildFile; fileRef = CE2F55E924E9D69500106D49 /* Preview Assets.xcassets */; };
		CE2F55ED24E9D69500106D49 /* LaunchScreen.storyboard in Resources */ = {isa = PBXBuildFile; fileRef = CE2F55EB24E9D69500106D49 /* LaunchScreen.storyboard */; };
		CE2F55F524E9D82C00106D49 /* HeaderView.swift in Sources */ = {isa = PBXBuildFile; fileRef = CE2F55F424E9D82C00106D49 /* HeaderView.swift */; };
		CE2F55F724E9DA7F00106D49 /* MovieTitle.swift in Sources */ = {isa = PBXBuildFile; fileRef = CE2F55F624E9DA7F00106D49 /* MovieTitle.swift */; };
		CE2F560924E9DACF00106D49 /* Oswald-VariableFont_wght.ttf in Resources */ = {isa = PBXBuildFile; fileRef = CE2F55F924E9DACE00106D49 /* Oswald-VariableFont_wght.ttf */; };
		CE2F560D24E9DACF00106D49 /* Lato-Bold.ttf in Resources */ = {isa = PBXBuildFile; fileRef = CE2F55FE24E9DACE00106D49 /* Lato-Bold.ttf */; };
		CE2F560E24E9DACF00106D49 /* Lato-Black.ttf in Resources */ = {isa = PBXBuildFile; fileRef = CE2F55FF24E9DACE00106D49 /* Lato-Black.ttf */; };
		CE2F561524E9DACF00106D49 /* Bangers-Regular.ttf in Resources */ = {isa = PBXBuildFile; fileRef = CE2F560724E9DACE00106D49 /* Bangers-Regular.ttf */; };
		CE2F561624E9DACF00106D49 /* OFL.txt in Resources */ = {isa = PBXBuildFile; fileRef = CE2F560824E9DACE00106D49 /* OFL.txt */; };
		CE2F561824E9DBD500106D49 /* MovieDetails.swift in Sources */ = {isa = PBXBuildFile; fileRef = CE2F561724E9DBD500106D49 /* MovieDetails.swift */; };
		CE2F561A24E9DC5700106D49 /* PreviewsView.swift in Sources */ = {isa = PBXBuildFile; fileRef = CE2F561924E9DC5700106D49 /* PreviewsView.swift */; };
		CE2F561C24E9DC8200106D49 /* PreviewRing.swift in Sources */ = {isa = PBXBuildFile; fileRef = CE2F561B24E9DC8200106D49 /* PreviewRing.swift */; };
		CE2F561E24E9DD2C00106D49 /* ResumeWatchView.swift in Sources */ = {isa = PBXBuildFile; fileRef = CE2F561D24E9DD2C00106D49 /* ResumeWatchView.swift */; };
		CE2F562024E9DDB100106D49 /* MyListView.swift in Sources */ = {isa = PBXBuildFile; fileRef = CE2F561F24E9DDB100106D49 /* MyListView.swift */; };
		CE2F562224E9DDEF00106D49 /* NetflixOriginals.swift in Sources */ = {isa = PBXBuildFile; fileRef = CE2F562124E9DDEF00106D49 /* NetflixOriginals.swift */; };
		CE2F562424E9DE1D00106D49 /* TrendyNow.swift in Sources */ = {isa = PBXBuildFile; fileRef = CE2F562324E9DE1D00106D49 /* TrendyNow.swift */; };
		CE2F562624E9DE4400106D49 /* TrendyNigeria.swift in Sources */ = {isa = PBXBuildFile; fileRef = CE2F562524E9DE4400106D49 /* TrendyNigeria.swift */; };
		CE2F562824E9DF2900106D49 /* DetailScreenView.swift in Sources */ = {isa = PBXBuildFile; fileRef = CE2F562724E9DF2900106D49 /* DetailScreenView.swift */; };
		CE2F562A24E9DF9700106D49 /* SubTabs.swift in Sources */ = {isa = PBXBuildFile; fileRef = CE2F562924E9DF9700106D49 /* SubTabs.swift */; };
		CE2F562C24E9DFC200106D49 /* DetailTabToogle.swift in Sources */ = {isa = PBXBuildFile; fileRef = CE2F562B24E9DFC200106D49 /* DetailTabToogle.swift */; };
		CE2F562E24E9E00500106D49 /* RecommendationsView.swift in Sources */ = {isa = PBXBuildFile; fileRef = CE2F562D24E9E00500106D49 /* RecommendationsView.swift */; };
		CE2F563024E9E02C00106D49 /* Trailers.swift in Sources */ = {isa = PBXBuildFile; fileRef = CE2F562F24E9E02C00106D49 /* Trailers.swift */; };
		CE2F563224E9E05E00106D49 /* BlurView.swift in Sources */ = {isa = PBXBuildFile; fileRef = CE2F563124E9E05E00106D49 /* BlurView.swift */; };
		CE2F563424E9E11300106D49 /* TabBar.swift in Sources */ = {isa = PBXBuildFile; fileRef = CE2F563324E9E11300106D49 /* TabBar.swift */; };
		CE2F563624E9E14100106D49 /* SearchView.swift in Sources */ = {isa = PBXBuildFile; fileRef = CE2F563524E9E14100106D49 /* SearchView.swift */; };
		CE2F563824E9E16D00106D49 /* CommingSoon.swift in Sources */ = {isa = PBXBuildFile; fileRef = CE2F563724E9E16D00106D49 /* CommingSoon.swift */; };
		CE2F563A24E9E18800106D49 /*  DownloadView.swift in Sources */ = {isa = PBXBuildFile; fileRef = CE2F563924E9E18800106D49 /*  DownloadView.swift */; };
		CE2F563C24E9E1AB00106D49 /* MoreView.swift in Sources */ = {isa = PBXBuildFile; fileRef = CE2F563B24E9E1AB00106D49 /* MoreView.swift */; };
/* End PBXBuildFile section */

/* Begin PBXFileReference section */
		CE2F55DD24E9D69300106D49 /* Netflix-Clone.app */ = {isa = PBXFileReference; explicitFileType = wrapper.application; includeInIndex = 0; path = "Netflix-Clone.app"; sourceTree = BUILT_PRODUCTS_DIR; };
		CE2F55E024E9D69300106D49 /* AppDelegate.swift */ = {isa = PBXFileReference; lastKnownFileType = sourcecode.swift; path = AppDelegate.swift; sourceTree = "<group>"; };
		CE2F55E224E9D69300106D49 /* SceneDelegate.swift */ = {isa = PBXFileReference; lastKnownFileType = sourcecode.swift; path = SceneDelegate.swift; sourceTree = "<group>"; };
		CE2F55E424E9D69300106D49 /* HomeView.swift */ = {isa = PBXFileReference; lastKnownFileType = sourcecode.swift; path = HomeView.swift; sourceTree = "<group>"; };
		CE2F55E624E9D69500106D49 /* Assets.xcassets */ = {isa = PBXFileReference; lastKnownFileType = folder.assetcatalog; path = Assets.xcassets; sourceTree = "<group>"; };
		CE2F55E924E9D69500106D49 /* Preview Assets.xcassets */ = {isa = PBXFileReference; lastKnownFileType = folder.assetcatalog; path = "Preview Assets.xcassets"; sourceTree = "<group>"; };
		CE2F55EC24E9D69500106D49 /* Base */ = {isa = PBXFileReference; lastKnownFileType = file.storyboard; name = Base; path = Base.lproj/LaunchScreen.storyboard; sourceTree = "<group>"; };
		CE2F55EE24E9D69500106D49 /* Info.plist */ = {isa = PBXFileReference; lastKnownFileType = text.plist.xml; path = Info.plist; sourceTree = "<group>"; };
		CE2F55F424E9D82C00106D49 /* HeaderView.swift */ = {isa = PBXFileReference; lastKnownFileType = sourcecode.swift; path = HeaderView.swift; sourceTree = "<group>"; };
		CE2F55F624E9DA7F00106D49 /* MovieTitle.swift */ = {isa = PBXFileReference; lastKnownFileType = sourcecode.swift; path = MovieTitle.swift; sourceTree = "<group>"; };
		CE2F55F924E9DACE00106D49 /* Oswald-VariableFont_wght.ttf */ = {isa = PBXFileReference; lastKnownFileType = file; path = "Oswald-VariableFont_wght.ttf"; sourceTree = "<group>"; };
		CE2F55FE24E9DACE00106D49 /* Lato-Bold.ttf */ = {isa = PBXFileReference; lastKnownFileType = file; path = "Lato-Bold.ttf"; sourceTree = "<group>"; };
		CE2F55FF24E9DACE00106D49 /* Lato-Black.ttf */ = {isa = PBXFileReference; lastKnownFileType = file; path = "Lato-Black.ttf"; sourceTree = "<group>"; };
		CE2F560724E9DACE00106D49 /* Bangers-Regular.ttf */ = {isa = PBXFileReference; lastKnownFileType = file; path = "Bangers-Regular.ttf"; sourceTree = "<group>"; };
		CE2F560824E9DACE00106D49 /* OFL.txt */ = {isa = PBXFileReference; fileEncoding = 4; lastKnownFileType = text; path = OFL.txt; sourceTree = "<group>"; };
		CE2F561724E9DBD500106D49 /* MovieDetails.swift */ = {isa = PBXFileReference; lastKnownFileType = sourcecode.swift; path = MovieDetails.swift; sourceTree = "<group>"; };
		CE2F561924E9DC5700106D49 /* PreviewsView.swift */ = {isa = PBXFileReference; lastKnownFileType = sourcecode.swift; path = PreviewsView.swift; sourceTree = "<group>"; };
		CE2F561B24E9DC8200106D49 /* PreviewRing.swift */ = {isa = PBXFileReference; lastKnownFileType = sourcecode.swift; path = PreviewRing.swift; sourceTree = "<group>"; };
		CE2F561D24E9DD2C00106D49 /* ResumeWatchView.swift */ = {isa = PBXFileReference; lastKnownFileType = sourcecode.swift; path = ResumeWatchView.swift; sourceTree = "<group>"; };
		CE2F561F24E9DDB100106D49 /* MyListView.swift */ = {isa = PBXFileReference; lastKnownFileType = sourcecode.swift; path = MyListView.swift; sourceTree = "<group>"; };
		CE2F562124E9DDEF00106D49 /* NetflixOriginals.swift */ = {isa = PBXFileReference; lastKnownFileType = sourcecode.swift; path = NetflixOriginals.swift; sourceTree = "<group>"; };
		CE2F562324E9DE1D00106D49 /* TrendyNow.swift */ = {isa = PBXFileReference; lastKnownFileType = sourcecode.swift; path = TrendyNow.swift; sourceTree = "<group>"; };
		CE2F562524E9DE4400106D49 /* TrendyNigeria.swift */ = {isa = PBXFileReference; lastKnownFileType = sourcecode.swift; path = TrendyNigeria.swift; sourceTree = "<group>"; };
		CE2F562724E9DF2900106D49 /* DetailScreenView.swift */ = {isa = PBXFileReference; lastKnownFileType = sourcecode.swift; path = DetailScreenView.swift; sourceTree = "<group>"; };
		CE2F562924E9DF9700106D49 /* SubTabs.swift */ = {isa = PBXFileReference; lastKnownFileType = sourcecode.swift; path = SubTabs.swift; sourceTree = "<group>"; };
		CE2F562B24E9DFC200106D49 /* DetailTabToogle.swift */ = {isa = PBXFileReference; lastKnownFileType = sourcecode.swift; path = DetailTabToogle.swift; sourceTree = "<group>"; };
		CE2F562D24E9E00500106D49 /* RecommendationsView.swift */ = {isa = PBXFileReference; lastKnownFileType = sourcecode.swift; path = RecommendationsView.swift; sourceTree = "<group>"; };
		CE2F562F24E9E02C00106D49 /* Trailers.swift */ = {isa = PBXFileReference; lastKnownFileType = sourcecode.swift; path = Trailers.swift; sourceTree = "<group>"; };
		CE2F563124E9E05E00106D49 /* BlurView.swift */ = {isa = PBXFileReference; lastKnownFileType = sourcecode.swift; path = BlurView.swift; sourceTree = "<group>"; };
		CE2F563324E9E11300106D49 /* TabBar.swift */ = {isa = PBXFileReference; lastKnownFileType = sourcecode.swift; path = TabBar.swift; sourceTree = "<group>"; };
		CE2F563524E9E14100106D49 /* SearchView.swift */ = {isa = PBXFileReference; lastKnownFileType = sourcecode.swift; path = SearchView.swift; sourceTree = "<group>"; };
		CE2F563724E9E16D00106D49 /* CommingSoon.swift */ = {isa = PBXFileReference; lastKnownFileType = sourcecode.swift; path = CommingSoon.swift; sourceTree = "<group>"; };
		CE2F563924E9E18800106D49 /*  DownloadView.swift */ = {isa = PBXFileReference; lastKnownFileType = sourcecode.swift; path = " DownloadView.swift"; sourceTree = "<group>"; };
		CE2F563B24E9E1AB00106D49 /* MoreView.swift */ = {isa = PBXFileReference; lastKnownFileType = sourcecode.swift; path = MoreView.swift; sourceTree = "<group>"; };
/* End PBXFileReference section */

/* Begin PBXFrameworksBuildPhase section */
		CE2F55DA24E9D69300106D49 /* Frameworks */ = {
			isa = PBXFrameworksBuildPhase;
			buildActionMask = 2147483647;
			files = (
			);
			runOnlyForDeploymentPostprocessing = 0;
		};
/* End PBXFrameworksBuildPhase section */

/* Begin PBXGroup section */
		CE2F55D424E9D69300106D49 = {
			isa = PBXGroup;
			children = (
				CE2F55DF24E9D69300106D49 /* Netflix-Clone */,
				CE2F55DE24E9D69300106D49 /* Products */,
			);
			sourceTree = "<group>";
		};
		CE2F55DE24E9D69300106D49 /* Products */ = {
			isa = PBXGroup;
			children = (
				CE2F55DD24E9D69300106D49 /* Netflix-Clone.app */,
			);
			name = Products;
			sourceTree = "<group>";
		};
		CE2F55DF24E9D69300106D49 /* Netflix-Clone */ = {
			isa = PBXGroup;
			children = (
				CE2F562B24E9DFC200106D49 /* DetailTabToogle.swift */,
				CE2F562D24E9E00500106D49 /* RecommendationsView.swift */,
				CE2F562924E9DF9700106D49 /* SubTabs.swift */,
				CE2F561F24E9DDB100106D49 /* MyListView.swift */,
				CE2F562124E9DDEF00106D49 /* NetflixOriginals.swift */,
				CE2F562324E9DE1D00106D49 /* TrendyNow.swift */,
				CE2F562524E9DE4400106D49 /* TrendyNigeria.swift */,
				CE2F562724E9DF2900106D49 /* DetailScreenView.swift */,
				CE2F562F24E9E02C00106D49 /* Trailers.swift */,
				CE2F55F424E9D82C00106D49 /* HeaderView.swift */,
				CE2F563324E9E11300106D49 /* TabBar.swift */,
				CE2F563524E9E14100106D49 /* SearchView.swift */,
				CE2F563924E9E18800106D49 /*  DownloadView.swift */,
				CE2F563724E9E16D00106D49 /* CommingSoon.swift */,
				CE2F563B24E9E1AB00106D49 /* MoreView.swift */,
				CE2F563124E9E05E00106D49 /* BlurView.swift */,
				CE2F55E024E9D69300106D49 /* AppDelegate.swift */,
				CE2F55E224E9D69300106D49 /* SceneDelegate.swift */,
				CE2F55E424E9D69300106D49 /* HomeView.swift */,
				CE2F55E624E9D69500106D49 /* Assets.xcassets */,
				CE2F561D24E9DD2C00106D49 /* ResumeWatchView.swift */,
				CE2F55F624E9DA7F00106D49 /* MovieTitle.swift */,
				CE2F55EB24E9D69500106D49 /* LaunchScreen.storyboard */,
				CE2F55EE24E9D69500106D49 /* Info.plist */,
				CE2F561724E9DBD500106D49 /* MovieDetails.swift */,
				CE2F561924E9DC5700106D49 /* PreviewsView.swift */,
				CE2F561B24E9DC8200106D49 /* PreviewRing.swift */,
				CE2F560624E9DACE00106D49 /* Bangers */,
				CE2F55FA24E9DACE00106D49 /* Lato */,
				CE2F55F824E9DACE00106D49 /* Oswald */,
				CE2F55E824E9D69500106D49 /* Preview Content */,
			);
			path = "Netflix-Clone";
			sourceTree = "<group>";
		};
		CE2F55E824E9D69500106D49 /* Preview Content */ = {
			isa = PBXGroup;
			children = (
				CE2F55E924E9D69500106D49 /* Preview Assets.xcassets */,
			);
			path = "Preview Content";
			sourceTree = "<group>";
		};
		CE2F55F824E9DACE00106D49 /* Oswald */ = {
			isa = PBXGroup;
			children = (
				CE2F55F924E9DACE00106D49 /* Oswald-VariableFont_wght.ttf */,
			);
			path = Oswald;
			sourceTree = "<group>";
		};
		CE2F55FA24E9DACE00106D49 /* Lato */ = {
			isa = PBXGroup;
			children = (
				CE2F55FE24E9DACE00106D49 /* Lato-Bold.ttf */,
				CE2F55FF24E9DACE00106D49 /* Lato-Black.ttf */,
			);
			path = Lato;
			sourceTree = "<group>";
		};
		CE2F560624E9DACE00106D49 /* Bangers */ = {
			isa = PBXGroup;
			children = (
				CE2F560724E9DACE00106D49 /* Bangers-Regular.ttf */,
				CE2F560824E9DACE00106D49 /* OFL.txt */,
			);
			path = Bangers;
			sourceTree = "<group>";
		};
/* End PBXGroup section */

/* Begin PBXNativeTarget section */
		CE2F55DC24E9D69300106D49 /* Netflix-Clone */ = {
			isa = PBXNativeTarget;
			buildConfigurationList = CE2F55F124E9D69500106D49 /* Build configuration list for PBXNativeTarget "Netflix-Clone" */;
			buildPhases = (
				CE2F55D924E9D69300106D49 /* Sources */,
				CE2F55DA24E9D69300106D49 /* Frameworks */,
				CE2F55DB24E9D69300106D49 /* Resources */,
			);
			buildRules = (
			);
			dependencies = (
			);
			name = "Netflix-Clone";
			productName = "Netflix-Clone";
			productReference = CE2F55DD24E9D69300106D49 /* Netflix-Clone.app */;
			productType = "com.apple.product-type.application";
		};
/* End PBXNativeTarget section */

/* Begin PBXProject section */
		CE2F55D524E9D69300106D49 /* Project object */ = {
			isa = PBXProject;
			attributes = {
				LastSwiftUpdateCheck = 1160;
				LastUpgradeCheck = 1160;
				ORGANIZATIONNAME = User;
				TargetAttributes = {
					CE2F55DC24E9D69300106D49 = {
						CreatedOnToolsVersion = 11.6;
					};
				};
			};
			buildConfigurationList = CE2F55D824E9D69300106D49 /* Build configuration list for PBXProject "Netflix-Clone" */;
			compatibilityVersion = "Xcode 9.3";
			developmentRegion = en;
			hasScannedForEncodings = 0;
			knownRegions = (
				en,
				Base,
			);
			mainGroup = CE2F55D424E9D69300106D49;
			productRefGroup = CE2F55DE24E9D69300106D49 /* Products */;
			projectDirPath = "";
			projectRoot = "";
			targets = (
				CE2F55DC24E9D69300106D49 /* Netflix-Clone */,
			);
		};
/* End PBXProject section */

/* Begin PBXResourcesBuildPhase section */
		CE2F55DB24E9D69300106D49 /* Resources */ = {
			isa = PBXResourcesBuildPhase;
			buildActionMask = 2147483647;
			files = (
				CE2F561624E9DACF00106D49 /* OFL.txt in Resources */,
				CE2F561524E9DACF00106D49 /* Bangers-Regular.ttf in Resources */,
				CE2F560E24E9DACF00106D49 /* Lato-Black.ttf in Resources */,
				CE2F55ED24E9D69500106D49 /* LaunchScreen.storyboard in Resources */,
				CE2F560924E9DACF00106D49 /* Oswald-VariableFont_wght.ttf in Resources */,
				CE2F55EA24E9D69500106D49 /* Preview Assets.xcassets in Resources */,
				CE2F55E724E9D69500106D49 /* Assets.xcassets in Resources */,
				CE2F560D24E9DACF00106D49 /* Lato-Bold.ttf in Resources */,
			);
			runOnlyForDeploymentPostprocessing = 0;
		};
/* End PBXResourcesBuildPhase section */

/* Begin PBXSourcesBuildPhase section */
		CE2F55D924E9D69300106D49 /* Sources */ = {
			isa = PBXSourcesBuildPhase;
			buildActionMask = 2147483647;
			files = (
				CE2F55F724E9DA7F00106D49 /* MovieTitle.swift in Sources */,
				CE2F55E124E9D69300106D49 /* AppDelegate.swift in Sources */,
				CE2F55E324E9D69300106D49 /* SceneDelegate.swift in Sources */,
				CE2F562824E9DF2900106D49 /* DetailScreenView.swift in Sources */,
				CE2F562C24E9DFC200106D49 /* DetailTabToogle.swift in Sources */,
				CE2F563024E9E02C00106D49 /* Trailers.swift in Sources */,
				CE2F562624E9DE4400106D49 /* TrendyNigeria.swift in Sources */,
				CE2F563C24E9E1AB00106D49 /* MoreView.swift in Sources */,
				CE2F563A24E9E18800106D49 /*  DownloadView.swift in Sources */,
				CE2F563824E9E16D00106D49 /* CommingSoon.swift in Sources */,
				CE2F561A24E9DC5700106D49 /* PreviewsView.swift in Sources */,
				CE2F562424E9DE1D00106D49 /* TrendyNow.swift in Sources */,
				CE2F562024E9DDB100106D49 /* MyListView.swift in Sources */,
				CE2F563624E9E14100106D49 /* SearchView.swift in Sources */,
				CE2F55E524E9D69300106D49 /* HomeView.swift in Sources */,
				CE2F55F524E9D82C00106D49 /* HeaderView.swift in Sources */,
				CE2F562224E9DDEF00106D49 /* NetflixOriginals.swift in Sources */,
				CE2F561C24E9DC8200106D49 /* PreviewRing.swift in Sources */,
				CE2F562A24E9DF9700106D49 /* SubTabs.swift in Sources */,
				CE2F562E24E9E00500106D49 /* RecommendationsView.swift in Sources */,
				CE2F563224E9E05E00106D49 /* BlurView.swift in Sources */,
				CE2F561E24E9DD2C00106D49 /* ResumeWatchView.swift in Sources */,
				CE2F561824E9DBD500106D49 /* MovieDetails.swift in Sources */,
				CE2F563424E9E11300106D49 /* TabBar.swift in Sources */,
			);
			runOnlyForDeploymentPostprocessing = 0;
		};
/* End PBXSourcesBuildPhase section */

/* Begin PBXVariantGroup section */
		CE2F55EB24E9D69500106D49 /* LaunchScreen.storyboard */ = {
			isa = PBXVariantGroup;
			children = (
				CE2F55EC24E9D69500106D49 /* Base */,
			);
			name = LaunchScreen.storyboard;
			sourceTree = "<group>";
		};
/* End PBXVariantGroup section */

/* Begin XCBuildConfiguration section */
		CE2F55EF24E9D69500106D49 /* Debug */ = {
			isa = XCBuildConfiguration;
			buildSettings = {
				ALWAYS_SEARCH_USER_PATHS = NO;
				CLANG_ANALYZER_NONNULL = YES;
				CLANG_ANALYZER_NUMBER_OBJECT_CONVERSION = YES_AGGRESSIVE;
				CLANG_CXX_LANGUAGE_STANDARD = "gnu++14";
				CLANG_CXX_LIBRARY = "libc++";
				CLANG_ENABLE_MODULES = YES;
				CLANG_ENABLE_OBJC_ARC = YES;
				CLANG_ENABLE_OBJC_WEAK = YES;
				CLANG_WARN_BLOCK_CAPTURE_AUTORELEASING = YES;
				CLANG_WARN_BOOL_CONVERSION = YES;
				CLANG_WARN_COMMA = YES;
				CLANG_WARN_CONSTANT_CONVERSION = YES;
				CLANG_WARN_DEPRECATED_OBJC_IMPLEMENTATIONS = YES;
				CLANG_WARN_DIRECT_OBJC_ISA_USAGE = YES_ERROR;
				CLANG_WARN_DOCUMENTATION_COMMENTS = YES;
				CLANG_WARN_EMPTY_BODY = YES;
				CLANG_WARN_ENUM_CONVERSION = YES;
				CLANG_WARN_INFINITE_RECURSION = YES;
				CLANG_WARN_INT_CONVERSION = YES;
				CLANG_WARN_NON_LITERAL_NULL_CONVERSION = YES;
				CLANG_WARN_OBJC_IMPLICIT_RETAIN_SELF = YES;
				CLANG_WARN_OBJC_LITERAL_CONVERSION = YES;
				CLANG_WARN_OBJC_ROOT_CLASS = YES_ERROR;
				CLANG_WARN_RANGE_LOOP_ANALYSIS = YES;
				CLANG_WARN_STRICT_PROTOTYPES = YES;
				CLANG_WARN_SUSPICIOUS_MOVE = YES;
				CLANG_WARN_UNGUARDED_AVAILABILITY = YES_AGGRESSIVE;
				CLANG_WARN_UNREACHABLE_CODE = YES;
				CLANG_WARN__DUPLICATE_METHOD_MATCH = YES;
				COPY_PHASE_STRIP = NO;
				DEBUG_INFORMATION_FORMAT = dwarf;
				ENABLE_STRICT_OBJC_MSGSEND = YES;
				ENABLE_TESTABILITY = YES;
				GCC_C_LANGUAGE_STANDARD = gnu11;
				GCC_DYNAMIC_NO_PIC = NO;
				GCC_NO_COMMON_BLOCKS = YES;
				GCC_OPTIMIZATION_LEVEL = 0;
				GCC_PREPROCESSOR_DEFINITIONS = (
					"DEBUG=1",
					"$(inherited)",
				);
				GCC_WARN_64_TO_32_BIT_CONVERSION = YES;
				GCC_WARN_ABOUT_RETURN_TYPE = YES_ERROR;
				GCC_WARN_UNDECLARED_SELECTOR = YES;
				GCC_WARN_UNINITIALIZED_AUTOS = YES_AGGRESSIVE;
				GCC_WARN_UNUSED_FUNCTION = YES;
				GCC_WARN_UNUSED_VARIABLE = YES;
				IPHONEOS_DEPLOYMENT_TARGET = 13.6;
				MTL_ENABLE_DEBUG_INFO = INCLUDE_SOURCE;
				MTL_FAST_MATH = YES;
				ONLY_ACTIVE_ARCH = YES;
				SDKROOT = iphoneos;
				SWIFT_ACTIVE_COMPILATION_CONDITIONS = DEBUG;
				SWIFT_OPTIMIZATION_LEVEL = "-Onone";
			};
			name = Debug;
		};
		CE2F55F024E9D69500106D49 /* Release */ = {
			isa = XCBuildConfiguration;
			buildSettings = {
				ALWAYS_SEARCH_USER_PATHS = NO;
				CLANG_ANALYZER_NONNULL = YES;
				CLANG_ANALYZER_NUMBER_OBJECT_CONVERSION = YES_AGGRESSIVE;
				CLANG_CXX_LANGUAGE_STANDARD = "gnu++14";
				CLANG_CXX_LIBRARY = "libc++";
				CLANG_ENABLE_MODULES = YES;
				CLANG_ENABLE_OBJC_ARC = YES;
				CLANG_ENABLE_OBJC_WEAK = YES;
				CLANG_WARN_BLOCK_CAPTURE_AUTORELEASING = YES;
				CLANG_WARN_BOOL_CONVERSION = YES;
				CLANG_WARN_COMMA = YES;
				CLANG_WARN_CONSTANT_CONVERSION = YES;
				CLANG_WARN_DEPRECATED_OBJC_IMPLEMENTATIONS = YES;
				CLANG_WARN_DIRECT_OBJC_ISA_USAGE = YES_ERROR;
				CLANG_WARN_DOCUMENTATION_COMMENTS = YES;
				CLANG_WARN_EMPTY_BODY = YES;
				CLANG_WARN_ENUM_CONVERSION = YES;
				CLANG_WARN_INFINITE_RECURSION = YES;
				CLANG_WARN_INT_CONVERSION = YES;
				CLANG_WARN_NON_LITERAL_NULL_CONVERSION = YES;
				CLANG_WARN_OBJC_IMPLICIT_RETAIN_SELF = YES;
				CLANG_WARN_OBJC_LITERAL_CONVERSION = YES;
				CLANG_WARN_OBJC_ROOT_CLASS = YES_ERROR;
				CLANG_WARN_RANGE_LOOP_ANALYSIS = YES;
				CLANG_WARN_STRICT_PROTOTYPES = YES;
				CLANG_WARN_SUSPICIOUS_MOVE = YES;
				CLANG_WARN_UNGUARDED_AVAILABILITY = YES_AGGRESSIVE;
				CLANG_WARN_UNREACHABLE_CODE = YES;
				CLANG_WARN__DUPLICATE_METHOD_MATCH = YES;
				COPY_PHASE_STRIP = NO;
				DEBUG_INFORMATION_FORMAT = "dwarf-with-dsym";
				ENABLE_NS_ASSERTIONS = NO;
				ENABLE_STRICT_OBJC_MSGSEND = YES;
				GCC_C_LANGUAGE_STANDARD = gnu11;
				GCC_NO_COMMON_BLOCKS = YES;
				GCC_WARN_64_TO_32_BIT_CONVERSION = YES;
				GCC_WARN_ABOUT_RETURN_TYPE = YES_ERROR;
				GCC_WARN_UNDECLARED_SELECTOR = YES;
				GCC_WARN_UNINITIALIZED_AUTOS = YES_AGGRESSIVE;
				GCC_WARN_UNUSED_FUNCTION = YES;
				GCC_WARN_UNUSED_VARIABLE = YES;
				IPHONEOS_DEPLOYMENT_TARGET = 13.6;
				MTL_ENABLE_DEBUG_INFO = NO;
				MTL_FAST_MATH = YES;
				SDKROOT = iphoneos;
				SWIFT_COMPILATION_MODE = wholemodule;
				SWIFT_OPTIMIZATION_LEVEL = "-O";
				VALIDATE_PRODUCT = YES;
			};
			name = Release;
		};
		CE2F55F224E9D69500106D49 /* Debug */ = {
			isa = XCBuildConfiguration;
			buildSettings = {
				ASSETCATALOG_COMPILER_APPICON_NAME = AppIcon;
				CODE_SIGN_STYLE = Automatic;
				DEVELOPMENT_ASSET_PATHS = "\"Netflix-Clone/Preview Content\"";
				DEVELOPMENT_TEAM = Z4A3K37782;
				ENABLE_PREVIEWS = YES;
				INFOPLIST_FILE = "Netflix-Clone/Info.plist";
				LD_RUNPATH_SEARCH_PATHS = (
					"$(inherited)",
					"@executable_path/Frameworks",
				);
				PRODUCT_BUNDLE_IDENTIFIER = "com.melowsoft.Netflix-Clone";
				PRODUCT_NAME = "$(TARGET_NAME)";
				SWIFT_VERSION = 5.0;
				TARGETED_DEVICE_FAMILY = "1,2";
			};
			name = Debug;
		};
		CE2F55F324E9D69500106D49 /* Release */ = {
			isa = XCBuildConfiguration;
			buildSettings = {
				ASSETCATALOG_COMPILER_APPICON_NAME = AppIcon;
				CODE_SIGN_STYLE = Automatic;
				DEVELOPMENT_ASSET_PATHS = "\"Netflix-Clone/Preview Content\"";
				DEVELOPMENT_TEAM = Z4A3K37782;
				ENABLE_PREVIEWS = YES;
				INFOPLIST_FILE = "Netflix-Clone/Info.plist";
				LD_RUNPATH_SEARCH_PATHS = (
					"$(inherited)",
					"@executable_path/Frameworks",
				);
				PRODUCT_BUNDLE_IDENTIFIER = "com.melowsoft.Netflix-Clone";
				PRODUCT_NAME = "$(TARGET_NAME)";
				SWIFT_VERSION = 5.0;
				TARGETED_DEVICE_FAMILY = "1,2";
			};
			name = Release;
		};
/* End XCBuildConfiguration section */

/* Begin XCConfigurationList section */
		CE2F55D824E9D69300106D49 /* Build configuration list for PBXProject "Netflix-Clone" */ = {
			isa = XCConfigurationList;
			buildConfigurations = (
				CE2F55EF24E9D69500106D49 /* Debug */,
				CE2F55F024E9D69500106D49 /* Release */,
			);
			defaultConfigurationIsVisible = 0;
			defaultConfigurationName = Release;
		};
		CE2F55F124E9D69500106D49 /* Build configuration list for PBXNativeTarget "Netflix-Clone" */ = {
			isa = XCConfigurationList;
			buildConfigurations = (
				CE2F55F224E9D69500106D49 /* Debug */,
				CE2F55F324E9D69500106D49 /* Release */,
			);
			defaultConfigurationIsVisible = 0;
			defaultConfigurationName = Release;
		};
/* End XCConfigurationList section */
	};
	rootObject = CE2F55D524E9D69300106D49 /* Project object */;
}
